
Microsoft Visual Studio Solution File, Format Version 12.00
# Visual Studio Version 17
VisualStudioVersion = 17.0.31903.59
MinimumVisualStudioVersion = 10.0.40219.1
Project("{FAE04EC0-301F-11D3-BF4B-00C04F79EFBC}") = "Core", "src\Core.csproj", "{295F5242-DB5E-4240-AE3A-DF5A195B6030}"
EndProject
Global
	GlobalSection(SolutionConfigurationPlatforms) = preSolution
		Debug|Any CPU = Debug|Any CPU
		Release|Any CPU = Release|Any CPU
	EndGlobalSection
	GlobalSection(SolutionProperties) = preSolution
		HideSolutionNode = FALSE
	EndGlobalSection
	GlobalSection(ProjectConfigurationPlatforms) = postSolution
		{295F5242-DB5E-4240-AE3A-DF5A195B6030}.Debug|Any CPU.ActiveCfg = Debug|Any CPU
		{295F5242-DB5E-4240-AE3A-DF5A195B6030}.Debug|Any CPU.Build.0 = Debug|Any CPU
		{295F5242-DB5E-4240-AE3A-DF5A195B6030}.Release|Any CPU.ActiveCfg = Release|Any CPU
		{295F5242-DB5E-4240-AE3A-DF5A195B6030}.Release|Any CPU.Build.0 = Release|Any CPU
		{BBA30DC4-A8C9-4E2C-B3CC-05C9A295FE55}.Debug|Any CPU.ActiveCfg = Debug|Any CPU
		{BBA30DC4-A8C9-4E2C-B3CC-05C9A295FE55}.Debug|Any CPU.Build.0 = Debug|Any CPU
		{BBA30DC4-A8C9-4E2C-B3CC-05C9A295FE55}.Release|Any CPU.ActiveCfg = Release|Any CPU
		{BBA30DC4-A8C9-4E2C-B3CC-05C9A295FE55}.Release|Any CPU.Build.0 = Release|Any CPU
		{AB588612-EAD6-4EF7-AA0E-D456E980D750}.Debug|Any CPU.ActiveCfg = Debug|Any CPU
		{AB588612-EAD6-4EF7-AA0E-D456E980D750}.Debug|Any CPU.Build.0 = Debug|Any CPU
		{AB588612-EAD6-4EF7-AA0E-D456E980D750}.Release|Any CPU.ActiveCfg = Release|Any CPU
		{AB588612-EAD6-4EF7-AA0E-D456E980D750}.Release|Any CPU.Build.0 = Release|Any CPU
	EndGlobalSection
EndGlobal
